// !$*UTF8*$!
{
	archiveVersion = 1;
	classes = {
	};
	objectVersion = 46;
	objects = {

/* Begin PBXBuildFile section */
		005A83701DC0943300893FE2 /* main.m in Sources */ = {isa = PBXBuildFile; fileRef = 005A836F1DC0943300893FE2 /* main.m */; };
		005A83731DC0943300893FE2 /* AppDelegate.m in Sources */ = {isa = PBXBuildFile; fileRef = 005A83721DC0943300893FE2 /* AppDelegate.m */; };
		005A83761DC0943300893FE2 /* ViewController.m in Sources */ = {isa = PBXBuildFile; fileRef = 005A83751DC0943300893FE2 /* ViewController.m */; };
		005A83791DC0943300893FE2 /* Main.storyboard in Resources */ = {isa = PBXBuildFile; fileRef = 005A83771DC0943300893FE2 /* Main.storyboard */; };
		005A837B1DC0943300893FE2 /* Assets.xcassets in Resources */ = {isa = PBXBuildFile; fileRef = 005A837A1DC0943300893FE2 /* Assets.xcassets */; };
		005A837E1DC0943300893FE2 /* LaunchScreen.storyboard in Resources */ = {isa = PBXBuildFile; fileRef = 005A837C1DC0943300893FE2 /* LaunchScreen.storyboard */; };
		005A83891DC0943300893FE2 /* ffmpegTestTests.m in Sources */ = {isa = PBXBuildFile; fileRef = 005A83881DC0943300893FE2 /* ffmpegTestTests.m */; };
		005A83941DC0943300893FE2 /* ffmpegTestUITests.m in Sources */ = {isa = PBXBuildFile; fileRef = 005A83931DC0943300893FE2 /* ffmpegTestUITests.m */; };
		005A84251DC09B3600893FE2 /* AVFoundation.framework in Frameworks */ = {isa = PBXBuildFile; fileRef = 005A84241DC09B3600893FE2 /* AVFoundation.framework */; };
		005A84271DC09B4200893FE2 /* CoreMedia.framework in Frameworks */ = {isa = PBXBuildFile; fileRef = 005A84261DC09B4200893FE2 /* CoreMedia.framework */; };
		005A84A01DC09D2D00893FE2 /* libavcodec.a in Frameworks */ = {isa = PBXBuildFile; fileRef = 005A84991DC09D2D00893FE2 /* libavcodec.a */; };
		005A84A11DC09D2D00893FE2 /* libavdevice.a in Frameworks */ = {isa = PBXBuildFile; fileRef = 005A849A1DC09D2D00893FE2 /* libavdevice.a */; };
		005A84A21DC09D2D00893FE2 /* libavfilter.a in Frameworks */ = {isa = PBXBuildFile; fileRef = 005A849B1DC09D2D00893FE2 /* libavfilter.a */; };
		005A84A31DC09D2D00893FE2 /* libavformat.a in Frameworks */ = {isa = PBXBuildFile; fileRef = 005A849C1DC09D2D00893FE2 /* libavformat.a */; };
		005A84A41DC09D2D00893FE2 /* libavutil.a in Frameworks */ = {isa = PBXBuildFile; fileRef = 005A849D1DC09D2D00893FE2 /* libavutil.a */; };
		005A84A51DC09D2D00893FE2 /* libswresample.a in Frameworks */ = {isa = PBXBuildFile; fileRef = 005A849E1DC09D2D00893FE2 /* libswresample.a */; };
		005A84A61DC09D2D00893FE2 /* libswscale.a in Frameworks */ = {isa = PBXBuildFile; fileRef = 005A849F1DC09D2D00893FE2 /* libswscale.a */; };
		005A84A81DC09DFB00893FE2 /* VideoToolbox.framework in Frameworks */ = {isa = PBXBuildFile; fileRef = 005A84A71DC09DFB00893FE2 /* VideoToolbox.framework */; };
		005A84AA1DC09E0900893FE2 /* libz.tbd in Frameworks */ = {isa = PBXBuildFile; fileRef = 005A84A91DC09E0900893FE2 /* libz.tbd */; };
		005A84AC1DC09E1B00893FE2 /* libbz2.tbd in Frameworks */ = {isa = PBXBuildFile; fileRef = 005A84AB1DC09E1B00893FE2 /* libbz2.tbd */; };
		005A84AE1DC09E2800893FE2 /* libiconv.tbd in Frameworks */ = {isa = PBXBuildFile; fileRef = 005A84AD1DC09E2800893FE2 /* libiconv.tbd */; };
		00FB9FE21DC2E5B600843288 /* WTMoiveObject.m in Sources */ = {isa = PBXBuildFile; fileRef = 00FB9FE11DC2E5B600843288 /* WTMoiveObject.m */; };
/* End PBXBuildFile section */

/* Begin PBXContainerItemProxy section */
		005A83851DC0943300893FE2 /* PBXContainerItemProxy */ = {
			isa = PBXContainerItemProxy;
			containerPortal = 005A83631DC0943200893FE2 /* Project object */;
			proxyType = 1;
			remoteGlobalIDString = 005A836A1DC0943200893FE2;
			remoteInfo = ffmpegTest;
		};
		005A83901DC0943300893FE2 /* PBXContainerItemProxy */ = {
			isa = PBXContainerItemProxy;
			containerPortal = 005A83631DC0943200893FE2 /* Project object */;
			proxyType = 1;
			remoteGlobalIDString = 005A836A1DC0943200893FE2;
			remoteInfo = ffmpegTest;
		};
/* End PBXContainerItemProxy section */

/* Begin PBXFileReference section */
		005A836B1DC0943300893FE2 /* ffmpegTest.app */ = {isa = PBXFileReference; explicitFileType = wrapper.application; includeInIndex = 0; path = ffmpegTest.app; sourceTree = BUILT_PRODUCTS_DIR; };
		005A836F1DC0943300893FE2 /* main.m */ = {isa = PBXFileReference; lastKnownFileType = sourcecode.c.objc; path = main.m; sourceTree = "<group>"; };
		005A83711DC0943300893FE2 /* AppDelegate.h */ = {isa = PBXFileReference; lastKnownFileType = sourcecode.c.h; path = AppDelegate.h; sourceTree = "<group>"; };
		005A83721DC0943300893FE2 /* AppDelegate.m */ = {isa = PBXFileReference; lastKnownFileType = sourcecode.c.objc; path = AppDelegate.m; sourceTree = "<group>"; };
		005A83741DC0943300893FE2 /* ViewController.h */ = {isa = PBXFileReference; lastKnownFileType = sourcecode.c.h; path = ViewController.h; sourceTree = "<group>"; };
		005A83751DC0943300893FE2 /* ViewController.m */ = {isa = PBXFileReference; lastKnownFileType = sourcecode.c.objc; path = ViewController.m; sourceTree = "<group>"; };
		005A83781DC0943300893FE2 /* Base */ = {isa = PBXFileReference; lastKnownFileType = file.storyboard; name = Base; path = Base.lproj/Main.storyboard; sourceTree = "<group>"; };
		005A837A1DC0943300893FE2 /* Assets.xcassets */ = {isa = PBXFileReference; lastKnownFileType = folder.assetcatalog; path = Assets.xcassets; sourceTree = "<group>"; };
		005A837D1DC0943300893FE2 /* Base */ = {isa = PBXFileReference; lastKnownFileType = file.storyboard; name = Base; path = Base.lproj/LaunchScreen.storyboard; sourceTree = "<group>"; };
		005A837F1DC0943300893FE2 /* Info.plist */ = {isa = PBXFileReference; lastKnownFileType = text.plist.xml; path = Info.plist; sourceTree = "<group>"; };
		005A83841DC0943300893FE2 /* ffmpegTestTests.xctest */ = {isa = PBXFileReference; explicitFileType = wrapper.cfbundle; includeInIndex = 0; path = ffmpegTestTests.xctest; sourceTree = BUILT_PRODUCTS_DIR; };
		005A83881DC0943300893FE2 /* ffmpegTestTests.m */ = {isa = PBXFileReference; lastKnownFileType = sourcecode.c.objc; path = ffmpegTestTests.m; sourceTree = "<group>"; };
		005A838A1DC0943300893FE2 /* Info.plist */ = {isa = PBXFileReference; lastKnownFileType = text.plist.xml; path = Info.plist; sourceTree = "<group>"; };
		005A838F1DC0943300893FE2 /* ffmpegTestUITests.xctest */ = {isa = PBXFileReference; explicitFileType = wrapper.cfbundle; includeInIndex = 0; path = ffmpegTestUITests.xctest; sourceTree = BUILT_PRODUCTS_DIR; };
		005A83931DC0943300893FE2 /* ffmpegTestUITests.m */ = {isa = PBXFileReference; lastKnownFileType = sourcecode.c.objc; path = ffmpegTestUITests.m; sourceTree = "<group>"; };
		005A83951DC0943300893FE2 /* Info.plist */ = {isa = PBXFileReference; lastKnownFileType = text.plist.xml; path = Info.plist; sourceTree = "<group>"; };
		005A84241DC09B3600893FE2 /* AVFoundation.framework */ = {isa = PBXFileReference; lastKnownFileType = wrapper.framework; name = AVFoundation.framework; path = System/Library/Frameworks/AVFoundation.framework; sourceTree = SDKROOT; };
		005A84261DC09B4200893FE2 /* CoreMedia.framework */ = {isa = PBXFileReference; lastKnownFileType = wrapper.framework; name = CoreMedia.framework; path = System/Library/Frameworks/CoreMedia.framework; sourceTree = SDKROOT; };
		005A842B1DC09D2D00893FE2 /* avcodec.h */ = {isa = PBXFileReference; fileEncoding = 4; lastKnownFileType = sourcecode.c.h; path = avcodec.h; sourceTree = "<group>"; };
		005A842C1DC09D2D00893FE2 /* avdct.h */ = {isa = PBXFileReference; fileEncoding = 4; lastKnownFileType = sourcecode.c.h; path = avdct.h; sourceTree = "<group>"; };
		005A842D1DC09D2D00893FE2 /* avfft.h */ = {isa = PBXFileReference; fileEncoding = 4; lastKnownFileType = sourcecode.c.h; path = avfft.h; sourceTree = "<group>"; };
		005A842E1DC09D2D00893FE2 /* d3d11va.h */ = {isa = PBXFileReference; fileEncoding = 4; lastKnownFileType = sourcecode.c.h; path = d3d11va.h; sourceTree = "<group>"; };
		005A842F1DC09D2D00893FE2 /* dirac.h */ = {isa = PBXFileReference; fileEncoding = 4; lastKnownFileType = sourcecode.c.h; path = dirac.h; sourceTree = "<group>"; };
		005A84301DC09D2D00893FE2 /* dv_profile.h */ = {isa = PBXFileReference; fileEncoding = 4; lastKnownFileType = sourcecode.c.h; path = dv_profile.h; sourceTree = "<group>"; };
		005A84311DC09D2D00893FE2 /* dxva2.h */ = {isa = PBXFileReference; fileEncoding = 4; lastKnownFileType = sourcecode.c.h; path = dxva2.h; sourceTree = "<group>"; };
		005A84321DC09D2D00893FE2 /* jni.h */ = {isa = PBXFileReference; fileEncoding = 4; lastKnownFileType = sourcecode.c.h; path = jni.h; sourceTree = "<group>"; };
		005A84331DC09D2D00893FE2 /* qsv.h */ = {isa = PBXFileReference; fileEncoding = 4; lastKnownFileType = sourcecode.c.h; path = qsv.h; sourceTree = "<group>"; };
		005A84341DC09D2D00893FE2 /* vaapi.h */ = {isa = PBXFileReference; fileEncoding = 4; lastKnownFileType = sourcecode.c.h; path = vaapi.h; sourceTree = "<group>"; };
		005A84351DC09D2D00893FE2 /* vda.h */ = {isa = PBXFileReference; fileEncoding = 4; lastKnownFileType = sourcecode.c.h; path = vda.h; sourceTree = "<group>"; };
		005A84361DC09D2D00893FE2 /* vdpau.h */ = {isa = PBXFileReference; fileEncoding = 4; lastKnownFileType = sourcecode.c.h; path = vdpau.h; sourceTree = "<group>"; };
		005A84371DC09D2D00893FE2 /* version.h */ = {isa = PBXFileReference; fileEncoding = 4; lastKnownFileType = sourcecode.c.h; path = version.h; sourceTree = "<group>"; };
		005A84381DC09D2D00893FE2 /* videotoolbox.h */ = {isa = PBXFileReference; fileEncoding = 4; lastKnownFileType = sourcecode.c.h; path = videotoolbox.h; sourceTree = "<group>"; };
		005A84391DC09D2D00893FE2 /* vorbis_parser.h */ = {isa = PBXFileReference; fileEncoding = 4; lastKnownFileType = sourcecode.c.h; path = vorbis_parser.h; sourceTree = "<group>"; };
		005A843A1DC09D2D00893FE2 /* xvmc.h */ = {isa = PBXFileReference; fileEncoding = 4; lastKnownFileType = sourcecode.c.h; path = xvmc.h; sourceTree = "<group>"; };
		005A843C1DC09D2D00893FE2 /* avdevice.h */ = {isa = PBXFileReference; fileEncoding = 4; lastKnownFileType = sourcecode.c.h; path = avdevice.h; sourceTree = "<group>"; };
		005A843D1DC09D2D00893FE2 /* version.h */ = {isa = PBXFileReference; fileEncoding = 4; lastKnownFileType = sourcecode.c.h; path = version.h; sourceTree = "<group>"; };
		005A843F1DC09D2D00893FE2 /* avfilter.h */ = {isa = PBXFileReference; fileEncoding = 4; lastKnownFileType = sourcecode.c.h; path = avfilter.h; sourceTree = "<group>"; };
		005A84401DC09D2D00893FE2 /* avfiltergraph.h */ = {isa = PBXFileReference; fileEncoding = 4; lastKnownFileType = sourcecode.c.h; path = avfiltergraph.h; sourceTree = "<group>"; };
		005A84411DC09D2D00893FE2 /* buffersink.h */ = {isa = PBXFileReference; fileEncoding = 4; lastKnownFileType = sourcecode.c.h; path = buffersink.h; sourceTree = "<group>"; };
		005A84421DC09D2D00893FE2 /* buffersrc.h */ = {isa = PBXFileReference; fileEncoding = 4; lastKnownFileType = sourcecode.c.h; path = buffersrc.h; sourceTree = "<group>"; };
		005A84431DC09D2D00893FE2 /* version.h */ = {isa = PBXFileReference; fileEncoding = 4; lastKnownFileType = sourcecode.c.h; path = version.h; sourceTree = "<group>"; };
		005A84451DC09D2D00893FE2 /* avformat.h */ = {isa = PBXFileReference; fileEncoding = 4; lastKnownFileType = sourcecode.c.h; path = avformat.h; sourceTree = "<group>"; };
		005A84461DC09D2D00893FE2 /* avio.h */ = {isa = PBXFileReference; fileEncoding = 4; lastKnownFileType = sourcecode.c.h; path = avio.h; sourceTree = "<group>"; };
		005A84471DC09D2D00893FE2 /* version.h */ = {isa = PBXFileReference; fileEncoding = 4; lastKnownFileType = sourcecode.c.h; path = version.h; sourceTree = "<group>"; };
		005A84491DC09D2D00893FE2 /* adler32.h */ = {isa = PBXFileReference; fileEncoding = 4; lastKnownFileType = sourcecode.c.h; path = adler32.h; sourceTree = "<group>"; };
		005A844A1DC09D2D00893FE2 /* aes.h */ = {isa = PBXFileReference; fileEncoding = 4; lastKnownFileType = sourcecode.c.h; path = aes.h; sourceTree = "<group>"; };
		005A844B1DC09D2D00893FE2 /* aes_ctr.h */ = {isa = PBXFileReference; fileEncoding = 4; lastKnownFileType = sourcecode.c.h; path = aes_ctr.h; sourceTree = "<group>"; };
		005A844C1DC09D2D00893FE2 /* attributes.h */ = {isa = PBXFileReference; fileEncoding = 4; lastKnownFileType = sourcecode.c.h; path = attributes.h; sourceTree = "<group>"; };
		005A844D1DC09D2D00893FE2 /* audio_fifo.h */ = {isa = PBXFileReference; fileEncoding = 4; lastKnownFileType = sourcecode.c.h; path = audio_fifo.h; sourceTree = "<group>"; };
		005A844E1DC09D2D00893FE2 /* avassert.h */ = {isa = PBXFileReference; fileEncoding = 4; lastKnownFileType = sourcecode.c.h; path = avassert.h; sourceTree = "<group>"; };
		005A844F1DC09D2D00893FE2 /* avconfig.h */ = {isa = PBXFileReference; fileEncoding = 4; lastKnownFileType = sourcecode.c.h; path = avconfig.h; sourceTree = "<group>"; };
		005A84501DC09D2D00893FE2 /* avstring.h */ = {isa = PBXFileReference; fileEncoding = 4; lastKnownFileType = sourcecode.c.h; path = avstring.h; sourceTree = "<group>"; };
		005A84511DC09D2D00893FE2 /* avutil.h */ = {isa = PBXFileReference; fileEncoding = 4; lastKnownFileType = sourcecode.c.h; path = avutil.h; sourceTree = "<group>"; };
		005A84521DC09D2D00893FE2 /* base64.h */ = {isa = PBXFileReference; fileEncoding = 4; lastKnownFileType = sourcecode.c.h; path = base64.h; sourceTree = "<group>"; };
		005A84531DC09D2D00893FE2 /* blowfish.h */ = {isa = PBXFileReference; fileEncoding = 4; lastKnownFileType = sourcecode.c.h; path = blowfish.h; sourceTree = "<group>"; };
		005A84541DC09D2D00893FE2 /* bprint.h */ = {isa = PBXFileReference; fileEncoding = 4; lastKnownFileType = sourcecode.c.h; path = bprint.h; sourceTree = "<group>"; };
		005A84551DC09D2D00893FE2 /* bswap.h */ = {isa = PBXFileReference; fileEncoding = 4; lastKnownFileType = sourcecode.c.h; path = bswap.h; sourceTree = "<group>"; };
		005A84561DC09D2D00893FE2 /* buffer.h */ = {isa = PBXFileReference; fileEncoding = 4; lastKnownFileType = sourcecode.c.h; path = buffer.h; sourceTree = "<group>"; };
		005A84571DC09D2D00893FE2 /* camellia.h */ = {isa = PBXFileReference; fileEncoding = 4; lastKnownFileType = sourcecode.c.h; path = camellia.h; sourceTree = "<group>"; };
		005A84581DC09D2D00893FE2 /* cast5.h */ = {isa = PBXFileReference; fileEncoding = 4; lastKnownFileType = sourcecode.c.h; path = cast5.h; sourceTree = "<group>"; };
		005A84591DC09D2D00893FE2 /* channel_layout.h */ = {isa = PBXFileReference; fileEncoding = 4; lastKnownFileType = sourcecode.c.h; path = channel_layout.h; sourceTree = "<group>"; };
		005A845A1DC09D2D00893FE2 /* common.h */ = {isa = PBXFileReference; fileEncoding = 4; lastKnownFileType = sourcecode.c.h; path = common.h; sourceTree = "<group>"; };
		005A845B1DC09D2D00893FE2 /* cpu.h */ = {isa = PBXFileReference; fileEncoding = 4; lastKnownFileType = sourcecode.c.h; path = cpu.h; sourceTree = "<group>"; };
		005A845C1DC09D2D00893FE2 /* crc.h */ = {isa = PBXFileReference; fileEncoding = 4; lastKnownFileType = sourcecode.c.h; path = crc.h; sourceTree = "<group>"; };
		005A845D1DC09D2D00893FE2 /* des.h */ = {isa = PBXFileReference; fileEncoding = 4; lastKnownFileType = sourcecode.c.h; path = des.h; sourceTree = "<group>"; };
		005A845E1DC09D2D00893FE2 /* dict.h */ = {isa = PBXFileReference; fileEncoding = 4; lastKnownFileType = sourcecode.c.h; path = dict.h; sourceTree = "<group>"; };
		005A845F1DC09D2D00893FE2 /* display.h */ = {isa = PBXFileReference; fileEncoding = 4; lastKnownFileType = sourcecode.c.h; path = display.h; sourceTree = "<group>"; };
		005A84601DC09D2D00893FE2 /* downmix_info.h */ = {isa = PBXFileReference; fileEncoding = 4; lastKnownFileType = sourcecode.c.h; path = downmix_info.h; sourceTree = "<group>"; };
		005A84611DC09D2D00893FE2 /* error.h */ = {isa = PBXFileReference; fileEncoding = 4; lastKnownFileType = sourcecode.c.h; path = error.h; sourceTree = "<group>"; };
		005A84621DC09D2D00893FE2 /* eval.h */ = {isa = PBXFileReference; fileEncoding = 4; lastKnownFileType = sourcecode.c.h; path = eval.h; sourceTree = "<group>"; };
		005A84631DC09D2D00893FE2 /* ffversion.h */ = {isa = PBXFileReference; fileEncoding = 4; lastKnownFileType = sourcecode.c.h; path = ffversion.h; sourceTree = "<group>"; };
		005A84641DC09D2D00893FE2 /* fifo.h */ = {isa = PBXFileReference; fileEncoding = 4; lastKnownFileType = sourcecode.c.h; path = fifo.h; sourceTree = "<group>"; };
		005A84651DC09D2D00893FE2 /* file.h */ = {isa = PBXFileReference; fileEncoding = 4; lastKnownFileType = sourcecode.c.h; path = file.h; sourceTree = "<group>"; };
		005A84661DC09D2D00893FE2 /* frame.h */ = {isa = PBXFileReference; fileEncoding = 4; lastKnownFileType = sourcecode.c.h; path = frame.h; sourceTree = "<group>"; };
		005A84671DC09D2D00893FE2 /* hash.h */ = {isa = PBXFileReference; fileEncoding = 4; lastKnownFileType = sourcecode.c.h; path = hash.h; sourceTree = "<group>"; };
		005A84681DC09D2D00893FE2 /* hmac.h */ = {isa = PBXFileReference; fileEncoding = 4; lastKnownFileType = sourcecode.c.h; path = hmac.h; sourceTree = "<group>"; };
		005A84691DC09D2D00893FE2 /* hwcontext.h */ = {isa = PBXFileReference; fileEncoding = 4; lastKnownFileType = sourcecode.c.h; path = hwcontext.h; sourceTree = "<group>"; };
		005A846A1DC09D2D00893FE2 /* hwcontext_cuda.h */ = {isa = PBXFileReference; fileEncoding = 4; lastKnownFileType = sourcecode.c.h; path = hwcontext_cuda.h; sourceTree = "<group>"; };
		005A846B1DC09D2D00893FE2 /* hwcontext_dxva2.h */ = {isa = PBXFileReference; fileEncoding = 4; lastKnownFileType = sourcecode.c.h; path = hwcontext_dxva2.h; sourceTree = "<group>"; };
		005A846C1DC09D2D00893FE2 /* hwcontext_vaapi.h */ = {isa = PBXFileReference; fileEncoding = 4; lastKnownFileType = sourcecode.c.h; path = hwcontext_vaapi.h; sourceTree = "<group>"; };
		005A846D1DC09D2D00893FE2 /* hwcontext_vdpau.h */ = {isa = PBXFileReference; fileEncoding = 4; lastKnownFileType = sourcecode.c.h; path = hwcontext_vdpau.h; sourceTree = "<group>"; };
		005A846E1DC09D2D00893FE2 /* imgutils.h */ = {isa = PBXFileReference; fileEncoding = 4; lastKnownFileType = sourcecode.c.h; path = imgutils.h; sourceTree = "<group>"; };
		005A846F1DC09D2D00893FE2 /* intfloat.h */ = {isa = PBXFileReference; fileEncoding = 4; lastKnownFileType = sourcecode.c.h; path = intfloat.h; sourceTree = "<group>"; };
		005A84701DC09D2D00893FE2 /* intreadwrite.h */ = {isa = PBXFileReference; fileEncoding = 4; lastKnownFileType = sourcecode.c.h; path = intreadwrite.h; sourceTree = "<group>"; };
		005A84711DC09D2D00893FE2 /* lfg.h */ = {isa = PBXFileReference; fileEncoding = 4; lastKnownFileType = sourcecode.c.h; path = lfg.h; sourceTree = "<group>"; };
		005A84721DC09D2D00893FE2 /* log.h */ = {isa = PBXFileReference; fileEncoding = 4; lastKnownFileType = sourcecode.c.h; path = log.h; sourceTree = "<group>"; };
		005A84731DC09D2D00893FE2 /* lzo.h */ = {isa = PBXFileReference; fileEncoding = 4; lastKnownFileType = sourcecode.c.h; path = lzo.h; sourceTree = "<group>"; };
		005A84741DC09D2D00893FE2 /* macros.h */ = {isa = PBXFileReference; fileEncoding = 4; lastKnownFileType = sourcecode.c.h; path = macros.h; sourceTree = "<group>"; };
		005A84751DC09D2D00893FE2 /* mastering_display_metadata.h */ = {isa = PBXFileReference; fileEncoding = 4; lastKnownFileType = sourcecode.c.h; path = mastering_display_metadata.h; sourceTree = "<group>"; };
		005A84761DC09D2D00893FE2 /* mathematics.h */ = {isa = PBXFileReference; fileEncoding = 4; lastKnownFileType = sourcecode.c.h; path = mathematics.h; sourceTree = "<group>"; };
		005A84771DC09D2D00893FE2 /* md5.h */ = {isa = PBXFileReference; fileEncoding = 4; lastKnownFileType = sourcecode.c.h; path = md5.h; sourceTree = "<group>"; };
		005A84781DC09D2D00893FE2 /* mem.h */ = {isa = PBXFileReference; fileEncoding = 4; lastKnownFileType = sourcecode.c.h; path = mem.h; sourceTree = "<group>"; };
		005A84791DC09D2D00893FE2 /* motion_vector.h */ = {isa = PBXFileReference; fileEncoding = 4; lastKnownFileType = sourcecode.c.h; path = motion_vector.h; sourceTree = "<group>"; };
		005A847A1DC09D2D00893FE2 /* murmur3.h */ = {isa = PBXFileReference; fileEncoding = 4; lastKnownFileType = sourcecode.c.h; path = murmur3.h; sourceTree = "<group>"; };
		005A847B1DC09D2D00893FE2 /* opt.h */ = {isa = PBXFileReference; fileEncoding = 4; lastKnownFileType = sourcecode.c.h; path = opt.h; sourceTree = "<group>"; };
		005A847C1DC09D2D00893FE2 /* parseutils.h */ = {isa = PBXFileReference; fileEncoding = 4; lastKnownFileType = sourcecode.c.h; path = parseutils.h; sourceTree = "<group>"; };
		005A847D1DC09D2D00893FE2 /* pixdesc.h */ = {isa = PBXFileReference; fileEncoding = 4; lastKnownFileType = sourcecode.c.h; path = pixdesc.h; sourceTree = "<group>"; };
		005A847E1DC09D2D00893FE2 /* pixelutils.h */ = {isa = PBXFileReference; fileEncoding = 4; lastKnownFileType = sourcecode.c.h; path = pixelutils.h; sourceTree = "<group>"; };
		005A847F1DC09D2D00893FE2 /* pixfmt.h */ = {isa = PBXFileReference; fileEncoding = 4; lastKnownFileType = sourcecode.c.h; path = pixfmt.h; sourceTree = "<group>"; };
		005A84801DC09D2D00893FE2 /* random_seed.h */ = {isa = PBXFileReference; fileEncoding = 4; lastKnownFileType = sourcecode.c.h; path = random_seed.h; sourceTree = "<group>"; };
		005A84811DC09D2D00893FE2 /* rational.h */ = {isa = PBXFileReference; fileEncoding = 4; lastKnownFileType = sourcecode.c.h; path = rational.h; sourceTree = "<group>"; };
		005A84821DC09D2D00893FE2 /* rc4.h */ = {isa = PBXFileReference; fileEncoding = 4; lastKnownFileType = sourcecode.c.h; path = rc4.h; sourceTree = "<group>"; };
		005A84831DC09D2D00893FE2 /* replaygain.h */ = {isa = PBXFileReference; fileEncoding = 4; lastKnownFileType = sourcecode.c.h; path = replaygain.h; sourceTree = "<group>"; };
		005A84841DC09D2D00893FE2 /* ripemd.h */ = {isa = PBXFileReference; fileEncoding = 4; lastKnownFileType = sourcecode.c.h; path = ripemd.h; sourceTree = "<group>"; };
		005A84851DC09D2D00893FE2 /* samplefmt.h */ = {isa = PBXFileReference; fileEncoding = 4; lastKnownFileType = sourcecode.c.h; path = samplefmt.h; sourceTree = "<group>"; };
		005A84861DC09D2D00893FE2 /* sha.h */ = {isa = PBXFileReference; fileEncoding = 4; lastKnownFileType = sourcecode.c.h; path = sha.h; sourceTree = "<group>"; };
		005A84871DC09D2D00893FE2 /* sha512.h */ = {isa = PBXFileReference; fileEncoding = 4; lastKnownFileType = sourcecode.c.h; path = sha512.h; sourceTree = "<group>"; };
		005A84881DC09D2D00893FE2 /* stereo3d.h */ = {isa = PBXFileReference; fileEncoding = 4; lastKnownFileType = sourcecode.c.h; path = stereo3d.h; sourceTree = "<group>"; };
		005A84891DC09D2D00893FE2 /* tea.h */ = {isa = PBXFileReference; fileEncoding = 4; lastKnownFileType = sourcecode.c.h; path = tea.h; sourceTree = "<group>"; };
		005A848A1DC09D2D00893FE2 /* threadmessage.h */ = {isa = PBXFileReference; fileEncoding = 4; lastKnownFileType = sourcecode.c.h; path = threadmessage.h; sourceTree = "<group>"; };
		005A848B1DC09D2D00893FE2 /* time.h */ = {isa = PBXFileReference; fileEncoding = 4; lastKnownFileType = sourcecode.c.h; path = time.h; sourceTree = "<group>"; };
		005A848C1DC09D2D00893FE2 /* timecode.h */ = {isa = PBXFileReference; fileEncoding = 4; lastKnownFileType = sourcecode.c.h; path = timecode.h; sourceTree = "<group>"; };
		005A848D1DC09D2D00893FE2 /* timestamp.h */ = {isa = PBXFileReference; fileEncoding = 4; lastKnownFileType = sourcecode.c.h; path = timestamp.h; sourceTree = "<group>"; };
		005A848E1DC09D2D00893FE2 /* tree.h */ = {isa = PBXFileReference; fileEncoding = 4; lastKnownFileType = sourcecode.c.h; path = tree.h; sourceTree = "<group>"; };
		005A848F1DC09D2D00893FE2 /* twofish.h */ = {isa = PBXFileReference; fileEncoding = 4; lastKnownFileType = sourcecode.c.h; path = twofish.h; sourceTree = "<group>"; };
		005A84901DC09D2D00893FE2 /* version.h */ = {isa = PBXFileReference; fileEncoding = 4; lastKnownFileType = sourcecode.c.h; path = version.h; sourceTree = "<group>"; };
		005A84911DC09D2D00893FE2 /* xtea.h */ = {isa = PBXFileReference; fileEncoding = 4; lastKnownFileType = sourcecode.c.h; path = xtea.h; sourceTree = "<group>"; };
		005A84931DC09D2D00893FE2 /* swresample.h */ = {isa = PBXFileReference; fileEncoding = 4; lastKnownFileType = sourcecode.c.h; path = swresample.h; sourceTree = "<group>"; };
		005A84941DC09D2D00893FE2 /* version.h */ = {isa = PBXFileReference; fileEncoding = 4; lastKnownFileType = sourcecode.c.h; path = version.h; sourceTree = "<group>"; };
		005A84961DC09D2D00893FE2 /* swscale.h */ = {isa = PBXFileReference; fileEncoding = 4; lastKnownFileType = sourcecode.c.h; path = swscale.h; sourceTree = "<group>"; };
		005A84971DC09D2D00893FE2 /* version.h */ = {isa = PBXFileReference; fileEncoding = 4; lastKnownFileType = sourcecode.c.h; path = version.h; sourceTree = "<group>"; };
		005A84991DC09D2D00893FE2 /* libavcodec.a */ = {isa = PBXFileReference; lastKnownFileType = archive.ar; path = libavcodec.a; sourceTree = "<group>"; };
		005A849A1DC09D2D00893FE2 /* libavdevice.a */ = {isa = PBXFileReference; lastKnownFileType = archive.ar; path = libavdevice.a; sourceTree = "<group>"; };
		005A849B1DC09D2D00893FE2 /* libavfilter.a */ = {isa = PBXFileReference; lastKnownFileType = archive.ar; path = libavfilter.a; sourceTree = "<group>"; };
		005A849C1DC09D2D00893FE2 /* libavformat.a */ = {isa = PBXFileReference; lastKnownFileType = archive.ar; path = libavformat.a; sourceTree = "<group>"; };
		005A849D1DC09D2D00893FE2 /* libavutil.a */ = {isa = PBXFileReference; lastKnownFileType = archive.ar; path = libavutil.a; sourceTree = "<group>"; };
		005A849E1DC09D2D00893FE2 /* libswresample.a */ = {isa = PBXFileReference; lastKnownFileType = archive.ar; path = libswresample.a; sourceTree = "<group>"; };
		005A849F1DC09D2D00893FE2 /* libswscale.a */ = {isa = PBXFileReference; lastKnownFileType = archive.ar; path = libswscale.a; sourceTree = "<group>"; };
		005A84A71DC09DFB00893FE2 /* VideoToolbox.framework */ = {isa = PBXFileReference; lastKnownFileType = wrapper.framework; name = VideoToolbox.framework; path = System/Library/Frameworks/VideoToolbox.framework; sourceTree = SDKROOT; };
		005A84A91DC09E0900893FE2 /* libz.tbd */ = {isa = PBXFileReference; lastKnownFileType = "sourcecode.text-based-dylib-definition"; name = libz.tbd; path = usr/lib/libz.tbd; sourceTree = SDKROOT; };
		005A84AB1DC09E1B00893FE2 /* libbz2.tbd */ = {isa = PBXFileReference; lastKnownFileType = "sourcecode.text-based-dylib-definition"; name = libbz2.tbd; path = usr/lib/libbz2.tbd; sourceTree = SDKROOT; };
		005A84AD1DC09E2800893FE2 /* libiconv.tbd */ = {isa = PBXFileReference; lastKnownFileType = "sourcecode.text-based-dylib-definition"; name = libiconv.tbd; path = usr/lib/libiconv.tbd; sourceTree = SDKROOT; };
		00FB9FE01DC2E5B600843288 /* WTMoiveObject.h */ = {isa = PBXFileReference; fileEncoding = 4; lastKnownFileType = sourcecode.c.h; path = WTMoiveObject.h; sourceTree = "<group>"; };
		00FB9FE11DC2E5B600843288 /* WTMoiveObject.m */ = {isa = PBXFileReference; fileEncoding = 4; lastKnownFileType = sourcecode.c.objc; path = WTMoiveObject.m; sourceTree = "<group>"; };
/* End PBXFileReference section */

/* Begin PBXFrameworksBuildPhase section */
		005A83681DC0943200893FE2 /* Frameworks */ = {
			isa = PBXFrameworksBuildPhase;
			buildActionMask = 2147483647;
			files = (
				005A84AE1DC09E2800893FE2 /* libiconv.tbd in Frameworks */,
				005A84AC1DC09E1B00893FE2 /* libbz2.tbd in Frameworks */,
				005A84AA1DC09E0900893FE2 /* libz.tbd in Frameworks */,
				005A84A81DC09DFB00893FE2 /* VideoToolbox.framework in Frameworks */,
				005A84A51DC09D2D00893FE2 /* libswresample.a in Frameworks */,
				005A84271DC09B4200893FE2 /* CoreMedia.framework in Frameworks */,
				005A84A21DC09D2D00893FE2 /* libavfilter.a in Frameworks */,
				005A84251DC09B3600893FE2 /* AVFoundation.framework in Frameworks */,
				005A84A31DC09D2D00893FE2 /* libavformat.a in Frameworks */,
				005A84A41DC09D2D00893FE2 /* libavutil.a in Frameworks */,
				005A84A61DC09D2D00893FE2 /* libswscale.a in Frameworks */,
				005A84A11DC09D2D00893FE2 /* libavdevice.a in Frameworks */,
				005A84A01DC09D2D00893FE2 /* libavcodec.a in Frameworks */,
			);
			runOnlyForDeploymentPostprocessing = 0;
		};
		005A83811DC0943300893FE2 /* Frameworks */ = {
			isa = PBXFrameworksBuildPhase;
			buildActionMask = 2147483647;
			files = (
			);
			runOnlyForDeploymentPostprocessing = 0;
		};
		005A838C1DC0943300893FE2 /* Frameworks */ = {
			isa = PBXFrameworksBuildPhase;
			buildActionMask = 2147483647;
			files = (
			);
			runOnlyForDeploymentPostprocessing = 0;
		};
/* End PBXFrameworksBuildPhase section */

/* Begin PBXGroup section */
		005A83621DC0943200893FE2 = {
			isa = PBXGroup;
			children = (
				005A84281DC09D2D00893FE2 /* FFmpeg-iOS */,
				005A836D1DC0943300893FE2 /* ffmpegTest */,
				005A83871DC0943300893FE2 /* ffmpegTestTests */,
				005A83921DC0943300893FE2 /* ffmpegTestUITests */,
				005A836C1DC0943300893FE2 /* Products */,
				005A84231DC09B3600893FE2 /* Frameworks */,
			);
			sourceTree = "<group>";
		};
		005A836C1DC0943300893FE2 /* Products */ = {
			isa = PBXGroup;
			children = (
				005A836B1DC0943300893FE2 /* ffmpegTest.app */,
				005A83841DC0943300893FE2 /* ffmpegTestTests.xctest */,
				005A838F1DC0943300893FE2 /* ffmpegTestUITests.xctest */,
			);
			name = Products;
			sourceTree = "<group>";
		};
		005A836D1DC0943300893FE2 /* ffmpegTest */ = {
			isa = PBXGroup;
			children = (
				00FB9FE01DC2E5B600843288 /* WTMoiveObject.h */,
				00FB9FE11DC2E5B600843288 /* WTMoiveObject.m */,
				005A83711DC0943300893FE2 /* AppDelegate.h */,
				005A83721DC0943300893FE2 /* AppDelegate.m */,
				005A83741DC0943300893FE2 /* ViewController.h */,
				005A83751DC0943300893FE2 /* ViewController.m */,
				005A83771DC0943300893FE2 /* Main.storyboard */,
				005A837A1DC0943300893FE2 /* Assets.xcassets */,
				005A837C1DC0943300893FE2 /* LaunchScreen.storyboard */,
				005A837F1DC0943300893FE2 /* Info.plist */,
				005A836E1DC0943300893FE2 /* Supporting Files */,
			);
			path = ffmpegTest;
			sourceTree = "<group>";
		};
		005A836E1DC0943300893FE2 /* Supporting Files */ = {
			isa = PBXGroup;
			children = (
				005A836F1DC0943300893FE2 /* main.m */,
			);
			name = "Supporting Files";
			sourceTree = "<group>";
		};
		005A83871DC0943300893FE2 /* ffmpegTestTests */ = {
			isa = PBXGroup;
			children = (
				005A83881DC0943300893FE2 /* ffmpegTestTests.m */,
				005A838A1DC0943300893FE2 /* Info.plist */,
			);
			path = ffmpegTestTests;
			sourceTree = "<group>";
		};
		005A83921DC0943300893FE2 /* ffmpegTestUITests */ = {
			isa = PBXGroup;
			children = (
				005A83931DC0943300893FE2 /* ffmpegTestUITests.m */,
				005A83951DC0943300893FE2 /* Info.plist */,
			);
			path = ffmpegTestUITests;
			sourceTree = "<group>";
		};
		005A84231DC09B3600893FE2 /* Frameworks */ = {
			isa = PBXGroup;
			children = (
				005A84AD1DC09E2800893FE2 /* libiconv.tbd */,
				005A84AB1DC09E1B00893FE2 /* libbz2.tbd */,
				005A84A91DC09E0900893FE2 /* libz.tbd */,
				005A84A71DC09DFB00893FE2 /* VideoToolbox.framework */,
				005A84261DC09B4200893FE2 /* CoreMedia.framework */,
				005A84241DC09B3600893FE2 /* AVFoundation.framework */,
			);
			name = Frameworks;
			sourceTree = "<group>";
		};
		005A84281DC09D2D00893FE2 /* FFmpeg-iOS */ = {
			isa = PBXGroup;
			children = (
				005A84291DC09D2D00893FE2 /* include */,
				005A84981DC09D2D00893FE2 /* lib */,
			);
			path = "FFmpeg-iOS";
			sourceTree = "<group>";
		};
		005A84291DC09D2D00893FE2 /* include */ = {
			isa = PBXGroup;
			children = (
				005A842A1DC09D2D00893FE2 /* libavcodec */,
				005A843B1DC09D2D00893FE2 /* libavdevice */,
				005A843E1DC09D2D00893FE2 /* libavfilter */,
				005A84441DC09D2D00893FE2 /* libavformat */,
				005A84481DC09D2D00893FE2 /* libavutil */,
				005A84921DC09D2D00893FE2 /* libswresample */,
				005A84951DC09D2D00893FE2 /* libswscale */,
			);
			path = include;
			sourceTree = "<group>";
		};
		005A842A1DC09D2D00893FE2 /* libavcodec */ = {
			isa = PBXGroup;
			children = (
				005A842B1DC09D2D00893FE2 /* avcodec.h */,
				005A842C1DC09D2D00893FE2 /* avdct.h */,
				005A842D1DC09D2D00893FE2 /* avfft.h */,
				005A842E1DC09D2D00893FE2 /* d3d11va.h */,
				005A842F1DC09D2D00893FE2 /* dirac.h */,
				005A84301DC09D2D00893FE2 /* dv_profile.h */,
				005A84311DC09D2D00893FE2 /* dxva2.h */,
				005A84321DC09D2D00893FE2 /* jni.h */,
				005A84331DC09D2D00893FE2 /* qsv.h */,
				005A84341DC09D2D00893FE2 /* vaapi.h */,
				005A84351DC09D2D00893FE2 /* vda.h */,
				005A84361DC09D2D00893FE2 /* vdpau.h */,
				005A84371DC09D2D00893FE2 /* version.h */,
				005A84381DC09D2D00893FE2 /* videotoolbox.h */,
				005A84391DC09D2D00893FE2 /* vorbis_parser.h */,
				005A843A1DC09D2D00893FE2 /* xvmc.h */,
			);
			path = libavcodec;
			sourceTree = "<group>";
		};
		005A843B1DC09D2D00893FE2 /* libavdevice */ = {
			isa = PBXGroup;
			children = (
				005A843C1DC09D2D00893FE2 /* avdevice.h */,
				005A843D1DC09D2D00893FE2 /* version.h */,
			);
			path = libavdevice;
			sourceTree = "<group>";
		};
		005A843E1DC09D2D00893FE2 /* libavfilter */ = {
			isa = PBXGroup;
			children = (
				005A843F1DC09D2D00893FE2 /* avfilter.h */,
				005A84401DC09D2D00893FE2 /* avfiltergraph.h */,
				005A84411DC09D2D00893FE2 /* buffersink.h */,
				005A84421DC09D2D00893FE2 /* buffersrc.h */,
				005A84431DC09D2D00893FE2 /* version.h */,
			);
			path = libavfilter;
			sourceTree = "<group>";
		};
		005A84441DC09D2D00893FE2 /* libavformat */ = {
			isa = PBXGroup;
			children = (
				005A84451DC09D2D00893FE2 /* avformat.h */,
				005A84461DC09D2D00893FE2 /* avio.h */,
				005A84471DC09D2D00893FE2 /* version.h */,
			);
			path = libavformat;
			sourceTree = "<group>";
		};
		005A84481DC09D2D00893FE2 /* libavutil */ = {
			isa = PBXGroup;
			children = (
				005A84491DC09D2D00893FE2 /* adler32.h */,
				005A844A1DC09D2D00893FE2 /* aes.h */,
				005A844B1DC09D2D00893FE2 /* aes_ctr.h */,
				005A844C1DC09D2D00893FE2 /* attributes.h */,
				005A844D1DC09D2D00893FE2 /* audio_fifo.h */,
				005A844E1DC09D2D00893FE2 /* avassert.h */,
				005A844F1DC09D2D00893FE2 /* avconfig.h */,
				005A84501DC09D2D00893FE2 /* avstring.h */,
				005A84511DC09D2D00893FE2 /* avutil.h */,
				005A84521DC09D2D00893FE2 /* base64.h */,
				005A84531DC09D2D00893FE2 /* blowfish.h */,
				005A84541DC09D2D00893FE2 /* bprint.h */,
				005A84551DC09D2D00893FE2 /* bswap.h */,
				005A84561DC09D2D00893FE2 /* buffer.h */,
				005A84571DC09D2D00893FE2 /* camellia.h */,
				005A84581DC09D2D00893FE2 /* cast5.h */,
				005A84591DC09D2D00893FE2 /* channel_layout.h */,
				005A845A1DC09D2D00893FE2 /* common.h */,
				005A845B1DC09D2D00893FE2 /* cpu.h */,
				005A845C1DC09D2D00893FE2 /* crc.h */,
				005A845D1DC09D2D00893FE2 /* des.h */,
				005A845E1DC09D2D00893FE2 /* dict.h */,
				005A845F1DC09D2D00893FE2 /* display.h */,
				005A84601DC09D2D00893FE2 /* downmix_info.h */,
				005A84611DC09D2D00893FE2 /* error.h */,
				005A84621DC09D2D00893FE2 /* eval.h */,
				005A84631DC09D2D00893FE2 /* ffversion.h */,
				005A84641DC09D2D00893FE2 /* fifo.h */,
				005A84651DC09D2D00893FE2 /* file.h */,
				005A84661DC09D2D00893FE2 /* frame.h */,
				005A84671DC09D2D00893FE2 /* hash.h */,
				005A84681DC09D2D00893FE2 /* hmac.h */,
				005A84691DC09D2D00893FE2 /* hwcontext.h */,
				005A846A1DC09D2D00893FE2 /* hwcontext_cuda.h */,
				005A846B1DC09D2D00893FE2 /* hwcontext_dxva2.h */,
				005A846C1DC09D2D00893FE2 /* hwcontext_vaapi.h */,
				005A846D1DC09D2D00893FE2 /* hwcontext_vdpau.h */,
				005A846E1DC09D2D00893FE2 /* imgutils.h */,
				005A846F1DC09D2D00893FE2 /* intfloat.h */,
				005A84701DC09D2D00893FE2 /* intreadwrite.h */,
				005A84711DC09D2D00893FE2 /* lfg.h */,
				005A84721DC09D2D00893FE2 /* log.h */,
				005A84731DC09D2D00893FE2 /* lzo.h */,
				005A84741DC09D2D00893FE2 /* macros.h */,
				005A84751DC09D2D00893FE2 /* mastering_display_metadata.h */,
				005A84761DC09D2D00893FE2 /* mathematics.h */,
				005A84771DC09D2D00893FE2 /* md5.h */,
				005A84781DC09D2D00893FE2 /* mem.h */,
				005A84791DC09D2D00893FE2 /* motion_vector.h */,
				005A847A1DC09D2D00893FE2 /* murmur3.h */,
				005A847B1DC09D2D00893FE2 /* opt.h */,
				005A847C1DC09D2D00893FE2 /* parseutils.h */,
				005A847D1DC09D2D00893FE2 /* pixdesc.h */,
				005A847E1DC09D2D00893FE2 /* pixelutils.h */,
				005A847F1DC09D2D00893FE2 /* pixfmt.h */,
				005A84801DC09D2D00893FE2 /* random_seed.h */,
				005A84811DC09D2D00893FE2 /* rational.h */,
				005A84821DC09D2D00893FE2 /* rc4.h */,
				005A84831DC09D2D00893FE2 /* replaygain.h */,
				005A84841DC09D2D00893FE2 /* ripemd.h */,
				005A84851DC09D2D00893FE2 /* samplefmt.h */,
				005A84861DC09D2D00893FE2 /* sha.h */,
				005A84871DC09D2D00893FE2 /* sha512.h */,
				005A84881DC09D2D00893FE2 /* stereo3d.h */,
				005A84891DC09D2D00893FE2 /* tea.h */,
				005A848A1DC09D2D00893FE2 /* threadmessage.h */,
				005A848B1DC09D2D00893FE2 /* time.h */,
				005A848C1DC09D2D00893FE2 /* timecode.h */,
				005A848D1DC09D2D00893FE2 /* timestamp.h */,
				005A848E1DC09D2D00893FE2 /* tree.h */,
				005A848F1DC09D2D00893FE2 /* twofish.h */,
				005A84901DC09D2D00893FE2 /* version.h */,
				005A84911DC09D2D00893FE2 /* xtea.h */,
			);
			path = libavutil;
			sourceTree = "<group>";
		};
		005A84921DC09D2D00893FE2 /* libswresample */ = {
			isa = PBXGroup;
			children = (
				005A84931DC09D2D00893FE2 /* swresample.h */,
				005A84941DC09D2D00893FE2 /* version.h */,
			);
			path = libswresample;
			sourceTree = "<group>";
		};
		005A84951DC09D2D00893FE2 /* libswscale */ = {
			isa = PBXGroup;
			children = (
				005A84961DC09D2D00893FE2 /* swscale.h */,
				005A84971DC09D2D00893FE2 /* version.h */,
			);
			path = libswscale;
			sourceTree = "<group>";
		};
		005A84981DC09D2D00893FE2 /* lib */ = {
			isa = PBXGroup;
			children = (
				005A84991DC09D2D00893FE2 /* libavcodec.a */,
				005A849A1DC09D2D00893FE2 /* libavdevice.a */,
				005A849B1DC09D2D00893FE2 /* libavfilter.a */,
				005A849C1DC09D2D00893FE2 /* libavformat.a */,
				005A849D1DC09D2D00893FE2 /* libavutil.a */,
				005A849E1DC09D2D00893FE2 /* libswresample.a */,
				005A849F1DC09D2D00893FE2 /* libswscale.a */,
			);
			path = lib;
			sourceTree = "<group>";
		};
/* End PBXGroup section */

/* Begin PBXNativeTarget section */
		005A836A1DC0943200893FE2 /* ffmpegTest */ = {
			isa = PBXNativeTarget;
			buildConfigurationList = 005A83981DC0943300893FE2 /* Build configuration list for PBXNativeTarget "ffmpegTest" */;
			buildPhases = (
				005A83671DC0943200893FE2 /* Sources */,
				005A83681DC0943200893FE2 /* Frameworks */,
				005A83691DC0943200893FE2 /* Resources */,
			);
			buildRules = (
			);
			dependencies = (
			);
			name = ffmpegTest;
			productName = ffmpegTest;
			productReference = 005A836B1DC0943300893FE2 /* ffmpegTest.app */;
			productType = "com.apple.product-type.application";
		};
		005A83831DC0943300893FE2 /* ffmpegTestTests */ = {
			isa = PBXNativeTarget;
			buildConfigurationList = 005A839B1DC0943300893FE2 /* Build configuration list for PBXNativeTarget "ffmpegTestTests" */;
			buildPhases = (
				005A83801DC0943300893FE2 /* Sources */,
				005A83811DC0943300893FE2 /* Frameworks */,
				005A83821DC0943300893FE2 /* Resources */,
			);
			buildRules = (
			);
			dependencies = (
				005A83861DC0943300893FE2 /* PBXTargetDependency */,
			);
			name = ffmpegTestTests;
			productName = ffmpegTestTests;
			productReference = 005A83841DC0943300893FE2 /* ffmpegTestTests.xctest */;
			productType = "com.apple.product-type.bundle.unit-test";
		};
		005A838E1DC0943300893FE2 /* ffmpegTestUITests */ = {
			isa = PBXNativeTarget;
			buildConfigurationList = 005A839E1DC0943300893FE2 /* Build configuration list for PBXNativeTarget "ffmpegTestUITests" */;
			buildPhases = (
				005A838B1DC0943300893FE2 /* Sources */,
				005A838C1DC0943300893FE2 /* Frameworks */,
				005A838D1DC0943300893FE2 /* Resources */,
			);
			buildRules = (
			);
			dependencies = (
				005A83911DC0943300893FE2 /* PBXTargetDependency */,
			);
			name = ffmpegTestUITests;
			productName = ffmpegTestUITests;
			productReference = 005A838F1DC0943300893FE2 /* ffmpegTestUITests.xctest */;
			productType = "com.apple.product-type.bundle.ui-testing";
		};
/* End PBXNativeTarget section */

/* Begin PBXProject section */
		005A83631DC0943200893FE2 /* Project object */ = {
			isa = PBXProject;
			attributes = {
				LastUpgradeCheck = 0800;
				ORGANIZATIONNAME = "伍陶陶";
				TargetAttributes = {
					005A836A1DC0943200893FE2 = {
						CreatedOnToolsVersion = 8.0;
						DevelopmentTeam = DENKXY2C62;
						ProvisioningStyle = Automatic;
					};
					005A83831DC0943300893FE2 = {
						CreatedOnToolsVersion = 8.0;
						DevelopmentTeam = DENKXY2C62;
						ProvisioningStyle = Automatic;
						TestTargetID = 005A836A1DC0943200893FE2;
					};
					005A838E1DC0943300893FE2 = {
						CreatedOnToolsVersion = 8.0;
						DevelopmentTeam = DENKXY2C62;
						ProvisioningStyle = Automatic;
						TestTargetID = 005A836A1DC0943200893FE2;
					};
				};
			};
			buildConfigurationList = 005A83661DC0943200893FE2 /* Build configuration list for PBXProject "ffmpegTest" */;
			compatibilityVersion = "Xcode 3.2";
			developmentRegion = English;
			hasScannedForEncodings = 0;
			knownRegions = (
				en,
				Base,
			);
			mainGroup = 005A83621DC0943200893FE2;
			productRefGroup = 005A836C1DC0943300893FE2 /* Products */;
			projectDirPath = "";
			projectRoot = "";
			targets = (
				005A836A1DC0943200893FE2 /* ffmpegTest */,
				005A83831DC0943300893FE2 /* ffmpegTestTests */,
				005A838E1DC0943300893FE2 /* ffmpegTestUITests */,
			);
		};
/* End PBXProject section */

/* Begin PBXResourcesBuildPhase section */
		005A83691DC0943200893FE2 /* Resources */ = {
			isa = PBXResourcesBuildPhase;
			buildActionMask = 2147483647;
			files = (
				005A837E1DC0943300893FE2 /* LaunchScreen.storyboard in Resources */,
				005A837B1DC0943300893FE2 /* Assets.xcassets in Resources */,
				005A83791DC0943300893FE2 /* Main.storyboard in Resources */,
			);
			runOnlyForDeploymentPostprocessing = 0;
		};
		005A83821DC0943300893FE2 /* Resources */ = {
			isa = PBXResourcesBuildPhase;
			buildActionMask = 2147483647;
			files = (
			);
			runOnlyForDeploymentPostprocessing = 0;
		};
		005A838D1DC0943300893FE2 /* Resources */ = {
			isa = PBXResourcesBuildPhase;
			buildActionMask = 2147483647;
			files = (
			);
			runOnlyForDeploymentPostprocessing = 0;
		};
/* End PBXResourcesBuildPhase section */

/* Begin PBXSourcesBuildPhase section */
		005A83671DC0943200893FE2 /* Sources */ = {
			isa = PBXSourcesBuildPhase;
			buildActionMask = 2147483647;
			files = (
				005A83761DC0943300893FE2 /* ViewController.m in Sources */,
				00FB9FE21DC2E5B600843288 /* WTMoiveObject.m in Sources */,
				005A83731DC0943300893FE2 /* AppDelegate.m in Sources */,
				005A83701DC0943300893FE2 /* main.m in Sources */,
			);
			runOnlyForDeploymentPostprocessing = 0;
		};
		005A83801DC0943300893FE2 /* Sources */ = {
			isa = PBXSourcesBuildPhase;
			buildActionMask = 2147483647;
			files = (
				005A83891DC0943300893FE2 /* ffmpegTestTests.m in Sources */,
			);
			runOnlyForDeploymentPostprocessing = 0;
		};
		005A838B1DC0943300893FE2 /* Sources */ = {
			isa = PBXSourcesBuildPhase;
			buildActionMask = 2147483647;
			files = (
				005A83941DC0943300893FE2 /* ffmpegTestUITests.m in Sources */,
			);
			runOnlyForDeploymentPostprocessing = 0;
		};
/* End PBXSourcesBuildPhase section */

/* Begin PBXTargetDependency section */
		005A83861DC0943300893FE2 /* PBXTargetDependency */ = {
			isa = PBXTargetDependency;
			target = 005A836A1DC0943200893FE2 /* ffmpegTest */;
			targetProxy = 005A83851DC0943300893FE2 /* PBXContainerItemProxy */;
		};
		005A83911DC0943300893FE2 /* PBXTargetDependency */ = {
			isa = PBXTargetDependency;
			target = 005A836A1DC0943200893FE2 /* ffmpegTest */;
			targetProxy = 005A83901DC0943300893FE2 /* PBXContainerItemProxy */;
		};
/* End PBXTargetDependency section */

/* Begin PBXVariantGroup section */
		005A83771DC0943300893FE2 /* Main.storyboard */ = {
			isa = PBXVariantGroup;
			children = (
				005A83781DC0943300893FE2 /* Base */,
			);
			name = Main.storyboard;
			sourceTree = "<group>";
		};
		005A837C1DC0943300893FE2 /* LaunchScreen.storyboard */ = {
			isa = PBXVariantGroup;
			children = (
				005A837D1DC0943300893FE2 /* Base */,
			);
			name = LaunchScreen.storyboard;
			sourceTree = "<group>";
		};
/* End PBXVariantGroup section */

/* Begin XCBuildConfiguration section */
		005A83961DC0943300893FE2 /* Debug */ = {
			isa = XCBuildConfiguration;
			buildSettings = {
				ALWAYS_SEARCH_USER_PATHS = NO;
				CLANG_ANALYZER_NONNULL = YES;
				CLANG_CXX_LANGUAGE_STANDARD = "gnu++0x";
				CLANG_CXX_LIBRARY = "libc++";
				CLANG_ENABLE_MODULES = YES;
				CLANG_ENABLE_OBJC_ARC = YES;
				CLANG_WARN_BOOL_CONVERSION = YES;
				CLANG_WARN_CONSTANT_CONVERSION = YES;
				CLANG_WARN_DIRECT_OBJC_ISA_USAGE = YES_ERROR;
				CLANG_WARN_DOCUMENTATION_COMMENTS = YES;
				CLANG_WARN_EMPTY_BODY = YES;
				CLANG_WARN_ENUM_CONVERSION = YES;
				CLANG_WARN_INFINITE_RECURSION = YES;
				CLANG_WARN_INT_CONVERSION = YES;
				CLANG_WARN_OBJC_ROOT_CLASS = YES_ERROR;
				CLANG_WARN_SUSPICIOUS_MOVES = YES;
				CLANG_WARN_UNREACHABLE_CODE = YES;
				CLANG_WARN__DUPLICATE_METHOD_MATCH = YES;
				"CODE_SIGN_IDENTITY[sdk=iphoneos*]" = "iPhone Developer";
				COPY_PHASE_STRIP = NO;
				DEBUG_INFORMATION_FORMAT = dwarf;
				ENABLE_STRICT_OBJC_MSGSEND = YES;
				ENABLE_TESTABILITY = YES;
				GCC_C_LANGUAGE_STANDARD = gnu99;
				GCC_DYNAMIC_NO_PIC = NO;
				GCC_NO_COMMON_BLOCKS = YES;
				GCC_OPTIMIZATION_LEVEL = 0;
				GCC_PREPROCESSOR_DEFINITIONS = (
					"DEBUG=1",
					"$(inherited)",
				);
				GCC_WARN_64_TO_32_BIT_CONVERSION = YES;
				GCC_WARN_ABOUT_RETURN_TYPE = YES_ERROR;
				GCC_WARN_UNDECLARED_SELECTOR = YES;
				GCC_WARN_UNINITIALIZED_AUTOS = YES_AGGRESSIVE;
				GCC_WARN_UNUSED_FUNCTION = YES;
				GCC_WARN_UNUSED_VARIABLE = YES;
				IPHONEOS_DEPLOYMENT_TARGET = 10.0;
				MTL_ENABLE_DEBUG_INFO = YES;
				ONLY_ACTIVE_ARCH = YES;
				SDKROOT = iphoneos;
				TARGETED_DEVICE_FAMILY = "1,2";
			};
			name = Debug;
		};
		005A83971DC0943300893FE2 /* Release */ = {
			isa = XCBuildConfiguration;
			buildSettings = {
				ALWAYS_SEARCH_USER_PATHS = NO;
				CLANG_ANALYZER_NONNULL = YES;
				CLANG_CXX_LANGUAGE_STANDARD = "gnu++0x";
				CLANG_CXX_LIBRARY = "libc++";
				CLANG_ENABLE_MODULES = YES;
				CLANG_ENABLE_OBJC_ARC = YES;
				CLANG_WARN_BOOL_CONVERSION = YES;
				CLANG_WARN_CONSTANT_CONVERSION = YES;
				CLANG_WARN_DIRECT_OBJC_ISA_USAGE = YES_ERROR;
				CLANG_WARN_DOCUMENTATION_COMMENTS = YES;
				CLANG_WARN_EMPTY_BODY = YES;
				CLANG_WARN_ENUM_CONVERSION = YES;
				CLANG_WARN_INFINITE_RECURSION = YES;
				CLANG_WARN_INT_CONVERSION = YES;
				CLANG_WARN_OBJC_ROOT_CLASS = YES_ERROR;
				CLANG_WARN_SUSPICIOUS_MOVES = YES;
				CLANG_WARN_UNREACHABLE_CODE = YES;
				CLANG_WARN__DUPLICATE_METHOD_MATCH = YES;
				"CODE_SIGN_IDENTITY[sdk=iphoneos*]" = "iPhone Developer";
				COPY_PHASE_STRIP = NO;
				DEBUG_INFORMATION_FORMAT = "dwarf-with-dsym";
				ENABLE_NS_ASSERTIONS = NO;
				ENABLE_STRICT_OBJC_MSGSEND = YES;
				GCC_C_LANGUAGE_STANDARD = gnu99;
				GCC_NO_COMMON_BLOCKS = YES;
				GCC_WARN_64_TO_32_BIT_CONVERSION = YES;
				GCC_WARN_ABOUT_RETURN_TYPE = YES_ERROR;
				GCC_WARN_UNDECLARED_SELECTOR = YES;
				GCC_WARN_UNINITIALIZED_AUTOS = YES_AGGRESSIVE;
				GCC_WARN_UNUSED_FUNCTION = YES;
				GCC_WARN_UNUSED_VARIABLE = YES;
				IPHONEOS_DEPLOYMENT_TARGET = 10.0;
				MTL_ENABLE_DEBUG_INFO = NO;
				SDKROOT = iphoneos;
				TARGETED_DEVICE_FAMILY = "1,2";
				VALIDATE_PRODUCT = YES;
			};
			name = Release;
		};
		005A83991DC0943300893FE2 /* Debug */ = {
			isa = XCBuildConfiguration;
			buildSettings = {
				ASSETCATALOG_COMPILER_APPICON_NAME = AppIcon;
				"CODE_SIGN_IDENTITY[sdk=iphoneos*]" = "iPhone Developer";
				DEVELOPMENT_TEAM = DENKXY2C62;
				HEADER_SEARCH_PATHS = "FFmpeg-iOS/include";
				INFOPLIST_FILE = ffmpegTest/Info.plist;
				IPHONEOS_DEPLOYMENT_TARGET = 8.3;
				LD_RUNPATH_SEARCH_PATHS = "$(inherited) @executable_path/Frameworks";
				LIBRARY_SEARCH_PATHS = (
					"$(inherited)",
					"$(PROJECT_DIR)/ffmpegTest/FFmpeg-iOS/lib",
					"$(PROJECT_DIR)/FFmpeg-iOS/lib",
					"$(PROJECT_DIR)/FFmpeg-iOS/scratch/arm64/libavcodec",
					"$(PROJECT_DIR)/FFmpeg-iOS/scratch/arm64/libavdevice",
					"$(PROJECT_DIR)/FFmpeg-iOS/scratch/arm64/libavfilter",
					"$(PROJECT_DIR)/FFmpeg-iOS/scratch/arm64/libavformat",
					"$(PROJECT_DIR)/FFmpeg-iOS/scratch/arm64/libavutil",
					"$(PROJECT_DIR)/FFmpeg-iOS/scratch/arm64/libswresample",
					"$(PROJECT_DIR)/FFmpeg-iOS/scratch/arm64/libswscale",
					"$(PROJECT_DIR)/FFmpeg-iOS/scratch/armv7/libavcodec",
					"$(PROJECT_DIR)/FFmpeg-iOS/scratch/armv7/libavdevice",
					"$(PROJECT_DIR)/FFmpeg-iOS/scratch/armv7/libavfilter",
					"$(PROJECT_DIR)/FFmpeg-iOS/scratch/armv7/libavformat",
					"$(PROJECT_DIR)/FFmpeg-iOS/scratch/armv7/libavutil",
					"$(PROJECT_DIR)/FFmpeg-iOS/scratch/armv7/libswresample",
					"$(PROJECT_DIR)/FFmpeg-iOS/scratch/armv7/libswscale",
					"$(PROJECT_DIR)/FFmpeg-iOS/scratch/i386/libavcodec",
					"$(PROJECT_DIR)/FFmpeg-iOS/scratch/i386/libavdevice",
					"$(PROJECT_DIR)/FFmpeg-iOS/scratch/i386/libavfilter",
					"$(PROJECT_DIR)/FFmpeg-iOS/scratch/i386/libavformat",
					"$(PROJECT_DIR)/FFmpeg-iOS/scratch/i386/libavutil",
					"$(PROJECT_DIR)/FFmpeg-iOS/scratch/i386/libswresample",
					"$(PROJECT_DIR)/FFmpeg-iOS/scratch/i386/libswscale",
					"$(PROJECT_DIR)/FFmpeg-iOS/scratch/x86_64/libavcodec",
					"$(PROJECT_DIR)/FFmpeg-iOS/scratch/x86_64/libavdevice",
					"$(PROJECT_DIR)/FFmpeg-iOS/scratch/x86_64/libavfilter",
					"$(PROJECT_DIR)/FFmpeg-iOS/scratch/x86_64/libavformat",
					"$(PROJECT_DIR)/FFmpeg-iOS/scratch/x86_64/libavutil",
					"$(PROJECT_DIR)/FFmpeg-iOS/scratch/x86_64/libswresample",
					"$(PROJECT_DIR)/FFmpeg-iOS/scratch/x86_64/libswscale",
				);
				PRODUCT_BUNDLE_IDENTIFIER = wtt.GPUImage;
				PRODUCT_NAME = "$(TARGET_NAME)";
			};
			name = Debug;
		};
		005A839A1DC0943300893FE2 /* Release */ = {
			isa = XCBuildConfiguration;
			buildSettings = {
				ASSETCATALOG_COMPILER_APPICON_NAME = AppIcon;
				"CODE_SIGN_IDENTITY[sdk=iphoneos*]" = "iPhone Developer";
				DEVELOPMENT_TEAM = DENKXY2C62;
				HEADER_SEARCH_PATHS = "FFmpeg-iOS/include";
				INFOPLIST_FILE = ffmpegTest/Info.plist;
				IPHONEOS_DEPLOYMENT_TARGET = 8.3;
				LD_RUNPATH_SEARCH_PATHS = "$(inherited) @executable_path/Frameworks";
				LIBRARY_SEARCH_PATHS = (
					"$(inherited)",
					"$(PROJECT_DIR)/ffmpegTest/FFmpeg-iOS/lib",
					"$(PROJECT_DIR)/FFmpeg-iOS/lib",
					"$(PROJECT_DIR)/FFmpeg-iOS/scratch/arm64/libavcodec",
					"$(PROJECT_DIR)/FFmpeg-iOS/scratch/arm64/libavdevice",
					"$(PROJECT_DIR)/FFmpeg-iOS/scratch/arm64/libavfilter",
					"$(PROJECT_DIR)/FFmpeg-iOS/scratch/arm64/libavformat",
					"$(PROJECT_DIR)/FFmpeg-iOS/scratch/arm64/libavutil",
					"$(PROJECT_DIR)/FFmpeg-iOS/scratch/arm64/libswresample",
					"$(PROJECT_DIR)/FFmpeg-iOS/scratch/arm64/libswscale",
					"$(PROJECT_DIR)/FFmpeg-iOS/scratch/armv7/libavcodec",
					"$(PROJECT_DIR)/FFmpeg-iOS/scratch/armv7/libavdevice",
					"$(PROJECT_DIR)/FFmpeg-iOS/scratch/armv7/libavfilter",
					"$(PROJECT_DIR)/FFmpeg-iOS/scratch/armv7/libavformat",
					"$(PROJECT_DIR)/FFmpeg-iOS/scratch/armv7/libavutil",
					"$(PROJECT_DIR)/FFmpeg-iOS/scratch/armv7/libswresample",
					"$(PROJECT_DIR)/FFmpeg-iOS/scratch/armv7/libswscale",
					"$(PROJECT_DIR)/FFmpeg-iOS/scratch/i386/libavcodec",
					"$(PROJECT_DIR)/FFmpeg-iOS/scratch/i386/libavdevice",
					"$(PROJECT_DIR)/FFmpeg-iOS/scratch/i386/libavfilter",
					"$(PROJECT_DIR)/FFmpeg-iOS/scratch/i386/libavformat",
					"$(PROJECT_DIR)/FFmpeg-iOS/scratch/i386/libavutil",
					"$(PROJECT_DIR)/FFmpeg-iOS/scratch/i386/libswresample",
					"$(PROJECT_DIR)/FFmpeg-iOS/scratch/i386/libswscale",
					"$(PROJECT_DIR)/FFmpeg-iOS/scratch/x86_64/libavcodec",
					"$(PROJECT_DIR)/FFmpeg-iOS/scratch/x86_64/libavdevice",
					"$(PROJECT_DIR)/FFmpeg-iOS/scratch/x86_64/libavfilter",
					"$(PROJECT_DIR)/FFmpeg-iOS/scratch/x86_64/libavformat",
					"$(PROJECT_DIR)/FFmpeg-iOS/scratch/x86_64/libavutil",
					"$(PROJECT_DIR)/FFmpeg-iOS/scratch/x86_64/libswresample",
					"$(PROJECT_DIR)/FFmpeg-iOS/scratch/x86_64/libswscale",
				);
				PRODUCT_BUNDLE_IDENTIFIER = wtt.GPUImage;
				PRODUCT_NAME = "$(TARGET_NAME)";
			};
			name = Release;
		};
		005A839C1DC0943300893FE2 /* Debug */ = {
			isa = XCBuildConfiguration;
			buildSettings = {
				BUNDLE_LOADER = "$(TEST_HOST)";
				DEVELOPMENT_TEAM = DENKXY2C62;
				INFOPLIST_FILE = ffmpegTestTests/Info.plist;
				LD_RUNPATH_SEARCH_PATHS = "$(inherited) @executable_path/Frameworks @loader_path/Frameworks";
				PRODUCT_BUNDLE_IDENTIFIER = wtt.ffmpegTestTests;
				PRODUCT_NAME = "$(TARGET_NAME)";
				TEST_HOST = "$(BUILT_PRODUCTS_DIR)/ffmpegTest.app/ffmpegTest";
			};
			name = Debug;
		};
		005A839D1DC0943300893FE2 /* Release */ = {
			isa = XCBuildConfiguration;
			buildSettings = {
				BUNDLE_LOADER = "$(TEST_HOST)";
				DEVELOPMENT_TEAM = DENKXY2C62;
				INFOPLIST_FILE = ffmpegTestTests/Info.plist;
				LD_RUNPATH_SEARCH_PATHS = "$(inherited) @executable_path/Frameworks @loader_path/Frameworks";
				PRODUCT_BUNDLE_IDENTIFIER = wtt.ffmpegTestTests;
				PRODUCT_NAME = "$(TARGET_NAME)";
				TEST_HOST = "$(BUILT_PRODUCTS_DIR)/ffmpegTest.app/ffmpegTest";
			};
			name = Release;
		};
		005A839F1DC0943300893FE2 /* Debug */ = {
			isa = XCBuildConfiguration;
			buildSettings = {
				DEVELOPMENT_TEAM = DENKXY2C62;
				INFOPLIST_FILE = ffmpegTestUITests/Info.plist;
				LD_RUNPATH_SEARCH_PATHS = "$(inherited) @executable_path/Frameworks @loader_path/Frameworks";
				PRODUCT_BUNDLE_IDENTIFIER = wtt.ffmpegTestUITests;
				PRODUCT_NAME = "$(TARGET_NAME)";
				TEST_TARGET_NAME = ffmpegTest;
			};
			name = Debug;
		};
		005A83A01DC0943300893FE2 /* Release */ = {
			isa = XCBuildConfiguration;
			buildSettings = {
				DEVELOPMENT_TEAM = DENKXY2C62;
				INFOPLIST_FILE = ffmpegTestUITests/Info.plist;
				LD_RUNPATH_SEARCH_PATHS = "$(inherited) @executable_path/Frameworks @loader_path/Frameworks";
				PRODUCT_BUNDLE_IDENTIFIER = wtt.ffmpegTestUITests;
				PRODUCT_NAME = "$(TARGET_NAME)";
				TEST_TARGET_NAME = ffmpegTest;
			};
			name = Release;
		};
/* End XCBuildConfiguration section */

/* Begin XCConfigurationList section */
		005A83661DC0943200893FE2 /* Build configuration list for PBXProject "ffmpegTest" */ = {
			isa = XCConfigurationList;
			buildConfigurations = (
				005A83961DC0943300893FE2 /* Debug */,
				005A83971DC0943300893FE2 /* Release */,
			);
			defaultConfigurationIsVisible = 0;
			defaultConfigurationName = Release;
		};
		005A83981DC0943300893FE2 /* Build configuration list for PBXNativeTarget "ffmpegTest" */ = {
			isa = XCConfigurationList;
			buildConfigurations = (
				005A83991DC0943300893FE2 /* Debug */,
				005A839A1DC0943300893FE2 /* Release */,
			);
			defaultConfigurationIsVisible = 0;
			defaultConfigurationName = Release;
		};
		005A839B1DC0943300893FE2 /* Build configuration list for PBXNativeTarget "ffmpegTestTests" */ = {
			isa = XCConfigurationList;
			buildConfigurations = (
				005A839C1DC0943300893FE2 /* Debug */,
				005A839D1DC0943300893FE2 /* Release */,
			);
			defaultConfigurationIsVisible = 0;
			defaultConfigurationName = Release;
		};
		005A839E1DC0943300893FE2 /* Build configuration list for PBXNativeTarget "ffmpegTestUITests" */ = {
			isa = XCConfigurationList;
			buildConfigurations = (
				005A839F1DC0943300893FE2 /* Debug */,
				005A83A01DC0943300893FE2 /* Release */,
			);
			defaultConfigurationIsVisible = 0;
			defaultConfigurationName = Release;
		};
/* End XCConfigurationList section */
	};
	rootObject = 005A83631DC0943200893FE2 /* Project object */;
}
